
Microsoft Visual Studio Solution File, Format Version 12.00
# Visual Studio 15
VisualStudioVersion = 15.0.28307.168
MinimumVisualStudioVersion = 10.0.40219.1
Project("{FAE04EC0-301F-11D3-BF4B-00C04F79EFBC}") = "AnalyseurCartes", "AnalyseurCartes\AnalyseurCartes.csproj", "{C88D2B75-A669-4D96-A582-CE6D2CF6E4D1}"
EndProject
Global
	GlobalSection(SolutionConfigurationPlatforms) = preSolution
		Debug|Any CPU = Debug|Any CPU
		Release|Any CPU = Release|Any CPU
	EndGlobalSection
	GlobalSection(ProjectConfigurationPlatforms) = postSolution
		{C88D2B75-A669-4D96-A582-CE6D2CF6E4D1}.Debug|Any CPU.ActiveCfg = Debug|Any CPU
		{C88D2B75-A669-4D96-A582-CE6D2CF6E4D1}.Debug|Any CPU.Build.0 = Debug|Any CPU
		{C88D2B75-A669-4D96-A582-CE6D2CF6E4D1}.Release|Any CPU.ActiveCfg = Release|Any CPU
		{C88D2B75-A669-4D96-A582-CE6D2CF6E4D1}.Release|Any CPU.Build.0 = Release|Any CPU
	EndGlobalSection
	GlobalSection(SolutionProperties) = preSolution
		HideSolutionNode = FALSE
	EndGlobalSection
	GlobalSection(ExtensibilityGlobals) = postSolution
		SolutionGuid = {AF4003ED-33E3-4A5A-A1D5-584A37C33772}
	EndGlobalSection
EndGlobal
